// !$*UTF8*$!
{
	archiveVersion = 1;
	classes = {
	};
	objectVersion = 70;
	objects = {

/* Begin PBXBuildFile section */
		6C4633612CE0C16B005EAD78 /* Monochrome120.png in Resources */ = {isa = PBXBuildFile; fileRef = 6C4633602CE0C16B005EAD78 /* Monochrome120.png */; };
		6C4633632CE0C1CE005EAD78 /* Monochrome152.png in Resources */ = {isa = PBXBuildFile; fileRef = 6C4633622CE0C1CE005EAD78 /* Monochrome152.png */; };
		6C4633652CE0C217005EAD78 /* Monochrome167.png in Resources */ = {isa = PBXBuildFile; fileRef = 6C4633642CE0C217005EAD78 /* Monochrome167.png */; };
		6C4633672CE0C258005EAD78 /* Monochrome1024.png in Resources */ = {isa = PBXBuildFile; fileRef = 6C4633662CE0C258005EAD78 /* Monochrome1024.png */; };
		6C46336A2CE0C566005EAD78 /* 120.png in Resources */ = {isa = PBXBuildFile; fileRef = 6C4633692CE0C566005EAD78 /* 120.png */; };
		6C46336C2CE0C575005EAD78 /* 152.png in Resources */ = {isa = PBXBuildFile; fileRef = 6C46336B2CE0C575005EAD78 /* 152.png */; };
		6C46336E2CE0C588005EAD78 /* 167.png in Resources */ = {isa = PBXBuildFile; fileRef = 6C46336D2CE0C588005EAD78 /* 167.png */; };
		6C4633702CE0C593005EAD78 /* 1024.png in Resources */ = {isa = PBXBuildFile; fileRef = 6C46336F2CE0C593005EAD78 /* 1024.png */; };
		6C4633722CE1CA0B005EAD78 /* Monochrome60.png in Resources */ = {isa = PBXBuildFile; fileRef = 6C4633712CE1CA0B005EAD78 /* Monochrome60.png */; };
		6C4633742CE1CA45005EAD78 /* Monochrome76.png in Resources */ = {isa = PBXBuildFile; fileRef = 6C4633732CE1CA45005EAD78 /* Monochrome76.png */; };
		6C4633762CE1CA67005EAD78 /* Monochrome80.png in Resources */ = {isa = PBXBuildFile; fileRef = 6C4633752CE1CA67005EAD78 /* Monochrome80.png */; };
		6C4633782CE1CBA5005EAD78 /* 60.png in Resources */ = {isa = PBXBuildFile; fileRef = 6C4633772CE1CBA5005EAD78 /* 60.png */; };
		6C46337A2CE1CBB0005EAD78 /* 76.png in Resources */ = {isa = PBXBuildFile; fileRef = 6C4633792CE1CBB0005EAD78 /* 76.png */; };
		6C46337C2CE1CBBF005EAD78 /* 80.png in Resources */ = {isa = PBXBuildFile; fileRef = 6C46337B2CE1CBBF005EAD78 /* 80.png */; };
		6C8483FE2CA57D5300CE6B1E /* AppDelegate.swift in Sources */ = {isa = PBXBuildFile; fileRef = 6C8483FD2CA57D5300CE6B1E /* AppDelegate.swift */; };
		6C8484002CA57D5300CE6B1E /* SceneDelegate.swift in Sources */ = {isa = PBXBuildFile; fileRef = 6C8483FF2CA57D5300CE6B1E /* SceneDelegate.swift */; };
		6C8484022CA57D5300CE6B1E /* LoginViewController.swift in Sources */ = {isa = PBXBuildFile; fileRef = 6C8484012CA57D5300CE6B1E /* LoginViewController.swift */; };
		6C8484052CA57D5300CE6B1E /* Base in Resources */ = {isa = PBXBuildFile; fileRef = 6C8484042CA57D5300CE6B1E /* Base */; };
		6C8484082CA57D5300CE6B1E /* World_Wide_Wave.xcdatamodeld in Sources */ = {isa = PBXBuildFile; fileRef = 6C8484062CA57D5300CE6B1E /* World_Wide_Wave.xcdatamodeld */; };
		6C84840A2CA57D5400CE6B1E /* Assets.xcassets in Resources */ = {isa = PBXBuildFile; fileRef = 6C8484092CA57D5400CE6B1E /* Assets.xcassets */; };
		6C84840D2CA57D5400CE6B1E /* Base in Resources */ = {isa = PBXBuildFile; fileRef = 6C84840C2CA57D5400CE6B1E /* Base */; };
		6C8484182CA57D5500CE6B1E /* World_Wide_WaveTests.swift in Sources */ = {isa = PBXBuildFile; fileRef = 6C8484172CA57D5500CE6B1E /* World_Wide_WaveTests.swift */; };
		6C8484222CA57D5500CE6B1E /* World_Wide_WaveUITests.swift in Sources */ = {isa = PBXBuildFile; fileRef = 6C8484212CA57D5500CE6B1E /* World_Wide_WaveUITests.swift */; };
		6C8484242CA57D5500CE6B1E /* World_Wide_WaveUITestsLaunchTests.swift in Sources */ = {isa = PBXBuildFile; fileRef = 6C8484232CA57D5500CE6B1E /* World_Wide_WaveUITestsLaunchTests.swift */; };
		6C9786632E6D4F00005E55DC /* LoadingView.swift in Sources */ = {isa = PBXBuildFile; fileRef = 6C9786622E6D4F00005E55DC /* LoadingView.swift */; };
		6CB288662E446A6F000D65B9 /* CustomTabBarController.swift in Sources */ = {isa = PBXBuildFile; fileRef = 6CB288652E446A6F000D65B9 /* CustomTabBarController.swift */; };
		6CB288842E448164000D65B9 /* CustomNavigationController.swift in Sources */ = {isa = PBXBuildFile; fileRef = 6CB288832E448163000D65B9 /* CustomNavigationController.swift */; };
		6CCCD4DC2CBFD50300572E3C /* sampleCodeFlie.swift in Sources */ = {isa = PBXBuildFile; fileRef = 6CCCD4DB2CBFD50300572E3C /* sampleCodeFlie.swift */; };
		8D63A8552EB9C1690017BB62 /* Struct tools.swift in Sources */ = {isa = PBXBuildFile; fileRef = 8D63A8542EB9C1690017BB62 /* Struct tools.swift */; };
/* End PBXBuildFile section */

/* Begin PBXContainerItemProxy section */
		6C8484142CA57D5500CE6B1E /* PBXContainerItemProxy */ = {
			isa = PBXContainerItemProxy;
			containerPortal = 6C8483F22CA57D5300CE6B1E /* Project object */;
			proxyType = 1;
			remoteGlobalIDString = 6C8483F92CA57D5300CE6B1E;
			remoteInfo = "World Wide Wave";
		};
		6C84841E2CA57D5500CE6B1E /* PBXContainerItemProxy */ = {
			isa = PBXContainerItemProxy;
			containerPortal = 6C8483F22CA57D5300CE6B1E /* Project object */;
			proxyType = 1;
			remoteGlobalIDString = 6C8483F92CA57D5300CE6B1E;
			remoteInfo = "World Wide Wave";
		};
/* End PBXContainerItemProxy section */

/* Begin PBXFileReference section */
		6C0F9D912CB8FE27006BF12E /* World Wide Wave.entitlements */ = {isa = PBXFileReference; lastKnownFileType = text.plist.entitlements; path = "World Wide Wave.entitlements"; sourceTree = "<group>"; };
		6C4633602CE0C16B005EAD78 /* Monochrome120.png */ = {isa = PBXFileReference; lastKnownFileType = image.png; path = Monochrome120.png; sourceTree = "<group>"; };
		6C4633622CE0C1CE005EAD78 /* Monochrome152.png */ = {isa = PBXFileReference; lastKnownFileType = image.png; path = Monochrome152.png; sourceTree = "<group>"; };
		6C4633642CE0C217005EAD78 /* Monochrome167.png */ = {isa = PBXFileReference; lastKnownFileType = image.png; path = Monochrome167.png; sourceTree = "<group>"; };
		6C4633662CE0C258005EAD78 /* Monochrome1024.png */ = {isa = PBXFileReference; lastKnownFileType = image.png; path = Monochrome1024.png; sourceTree = "<group>"; };
		6C4633692CE0C566005EAD78 /* 120.png */ = {isa = PBXFileReference; lastKnownFileType = image.png; path = 120.png; sourceTree = "<group>"; };
		6C46336B2CE0C575005EAD78 /* 152.png */ = {isa = PBXFileReference; lastKnownFileType = image.png; path = 152.png; sourceTree = "<group>"; };
		6C46336D2CE0C588005EAD78 /* 167.png */ = {isa = PBXFileReference; lastKnownFileType = image.png; path = 167.png; sourceTree = "<group>"; };
		6C46336F2CE0C593005EAD78 /* 1024.png */ = {isa = PBXFileReference; lastKnownFileType = image.png; path = 1024.png; sourceTree = "<group>"; };
		6C4633712CE1CA0B005EAD78 /* Monochrome60.png */ = {isa = PBXFileReference; lastKnownFileType = image.png; path = Monochrome60.png; sourceTree = "<group>"; };
		6C4633732CE1CA45005EAD78 /* Monochrome76.png */ = {isa = PBXFileReference; lastKnownFileType = image.png; path = Monochrome76.png; sourceTree = "<group>"; };
		6C4633752CE1CA67005EAD78 /* Monochrome80.png */ = {isa = PBXFileReference; lastKnownFileType = image.png; path = Monochrome80.png; sourceTree = "<group>"; };
		6C4633772CE1CBA5005EAD78 /* 60.png */ = {isa = PBXFileReference; lastKnownFileType = image.png; path = 60.png; sourceTree = "<group>"; };
		6C4633792CE1CBB0005EAD78 /* 76.png */ = {isa = PBXFileReference; lastKnownFileType = image.png; path = 76.png; sourceTree = "<group>"; };
		6C46337B2CE1CBBF005EAD78 /* 80.png */ = {isa = PBXFileReference; lastKnownFileType = image.png; path = 80.png; sourceTree = "<group>"; };
		6C8483FA2CA57D5300CE6B1E /* World Wide Wave.app */ = {isa = PBXFileReference; explicitFileType = wrapper.application; includeInIndex = 0; path = "World Wide Wave.app"; sourceTree = BUILT_PRODUCTS_DIR; };
		6C8483FD2CA57D5300CE6B1E /* AppDelegate.swift */ = {isa = PBXFileReference; lastKnownFileType = sourcecode.swift; path = AppDelegate.swift; sourceTree = "<group>"; };
		6C8483FF2CA57D5300CE6B1E /* SceneDelegate.swift */ = {isa = PBXFileReference; lastKnownFileType = sourcecode.swift; path = SceneDelegate.swift; sourceTree = "<group>"; };
		6C8484012CA57D5300CE6B1E /* LoginViewController.swift */ = {isa = PBXFileReference; lastKnownFileType = sourcecode.swift; path = LoginViewController.swift; sourceTree = "<group>"; };
		6C8484042CA57D5300CE6B1E /* Base */ = {isa = PBXFileReference; lastKnownFileType = file.storyboard; name = Base; path = Base.lproj/Main.storyboard; sourceTree = "<group>"; };
		6C8484072CA57D5300CE6B1E /* World_Wide_Wave.xcdatamodel */ = {isa = PBXFileReference; lastKnownFileType = wrapper.xcdatamodel; path = World_Wide_Wave.xcdatamodel; sourceTree = "<group>"; };
		6C8484092CA57D5400CE6B1E /* Assets.xcassets */ = {isa = PBXFileReference; lastKnownFileType = folder.assetcatalog; path = Assets.xcassets; sourceTree = "<group>"; };
		6C84840C2CA57D5400CE6B1E /* Base */ = {isa = PBXFileReference; lastKnownFileType = file.storyboard; name = Base; path = Base.lproj/LaunchScreen.storyboard; sourceTree = "<group>"; };
		6C84840E2CA57D5400CE6B1E /* Info.plist */ = {isa = PBXFileReference; lastKnownFileType = text.plist.xml; path = Info.plist; sourceTree = "<group>"; };
		6C8484132CA57D5500CE6B1E /* World Wide WaveTests.xctest */ = {isa = PBXFileReference; explicitFileType = wrapper.cfbundle; includeInIndex = 0; path = "World Wide WaveTests.xctest"; sourceTree = BUILT_PRODUCTS_DIR; };
		6C8484172CA57D5500CE6B1E /* World_Wide_WaveTests.swift */ = {isa = PBXFileReference; lastKnownFileType = sourcecode.swift; path = World_Wide_WaveTests.swift; sourceTree = "<group>"; };
		6C84841D2CA57D5500CE6B1E /* World Wide WaveUITests.xctest */ = {isa = PBXFileReference; explicitFileType = wrapper.cfbundle; includeInIndex = 0; path = "World Wide WaveUITests.xctest"; sourceTree = BUILT_PRODUCTS_DIR; };
		6C8484212CA57D5500CE6B1E /* World_Wide_WaveUITests.swift */ = {isa = PBXFileReference; lastKnownFileType = sourcecode.swift; path = World_Wide_WaveUITests.swift; sourceTree = "<group>"; };
		6C8484232CA57D5500CE6B1E /* World_Wide_WaveUITestsLaunchTests.swift */ = {isa = PBXFileReference; lastKnownFileType = sourcecode.swift; path = World_Wide_WaveUITestsLaunchTests.swift; sourceTree = "<group>"; };
		6C9786622E6D4F00005E55DC /* LoadingView.swift */ = {isa = PBXFileReference; lastKnownFileType = sourcecode.swift; path = LoadingView.swift; sourceTree = "<group>"; };
		6CB288652E446A6F000D65B9 /* CustomTabBarController.swift */ = {isa = PBXFileReference; lastKnownFileType = sourcecode.swift; path = CustomTabBarController.swift; sourceTree = "<group>"; };
		6CB288832E448163000D65B9 /* CustomNavigationController.swift */ = {isa = PBXFileReference; lastKnownFileType = sourcecode.swift; path = CustomNavigationController.swift; sourceTree = "<group>"; };
		6CCCD4DB2CBFD50300572E3C /* sampleCodeFlie.swift */ = {isa = PBXFileReference; lastKnownFileType = sourcecode.swift; path = sampleCodeFlie.swift; sourceTree = "<group>"; };
		8D63A8542EB9C1690017BB62 /* Struct tools.swift */ = {isa = PBXFileReference; lastKnownFileType = sourcecode.swift; path = "Struct tools.swift"; sourceTree = "<group>"; };
/* End PBXFileReference section */

/* Begin PBXFileSystemSynchronizedRootGroup section */
		6CB911A12EB22C9300E23DFA /* rejected files */ = {isa = PBXFileSystemSynchronizedRootGroup; explicitFileTypes = {}; explicitFolders = (); path = "rejected files"; sourceTree = "<group>"; };
		6CFF353E2E2CDAE400485B19 /* WaveMap */ = {isa = PBXFileSystemSynchronizedRootGroup; explicitFileTypes = {}; explicitFolders = (); path = WaveMap; sourceTree = "<group>"; };
		6CFF35492E2CDCBE00485B19 /* myLog */ = {isa = PBXFileSystemSynchronizedRootGroup; explicitFileTypes = {}; explicitFolders = (); path = myLog; sourceTree = "<group>"; };
/* End PBXFileSystemSynchronizedRootGroup section */

/* Begin PBXFrameworksBuildPhase section */
		6C8483F72CA57D5300CE6B1E /* Frameworks */ = {
			isa = PBXFrameworksBuildPhase;
			buildActionMask = 2147483647;
			files = (
			);
			runOnlyForDeploymentPostprocessing = 0;
		};
		6C8484102CA57D5500CE6B1E /* Frameworks */ = {
			isa = PBXFrameworksBuildPhase;
			buildActionMask = 2147483647;
			files = (
			);
			runOnlyForDeploymentPostprocessing = 0;
		};
		6C84841A2CA57D5500CE6B1E /* Frameworks */ = {
			isa = PBXFrameworksBuildPhase;
			buildActionMask = 2147483647;
			files = (
			);
			runOnlyForDeploymentPostprocessing = 0;
		};
/* End PBXFrameworksBuildPhase section */

/* Begin PBXGroup section */
		6C4633682CE0C2F4005EAD78 /* AppIconLogoAssets */ = {
			isa = PBXGroup;
			children = (
				6C4633772CE1CBA5005EAD78 /* 60.png */,
				6C4633792CE1CBB0005EAD78 /* 76.png */,
				6C46337B2CE1CBBF005EAD78 /* 80.png */,
				6C4633692CE0C566005EAD78 /* 120.png */,
				6C46336B2CE0C575005EAD78 /* 152.png */,
				6C46336D2CE0C588005EAD78 /* 167.png */,
				6C46336F2CE0C593005EAD78 /* 1024.png */,
				6C4633662CE0C258005EAD78 /* Monochrome1024.png */,
				6C4633642CE0C217005EAD78 /* Monochrome167.png */,
				6C4633622CE0C1CE005EAD78 /* Monochrome152.png */,
				6C4633602CE0C16B005EAD78 /* Monochrome120.png */,
				6C4633752CE1CA67005EAD78 /* Monochrome80.png */,
				6C4633732CE1CA45005EAD78 /* Monochrome76.png */,
				6C4633712CE1CA0B005EAD78 /* Monochrome60.png */,
			);
			path = AppIconLogoAssets;
			sourceTree = "<group>";
		};
		6C8483F12CA57D5300CE6B1E = {
			isa = PBXGroup;
			children = (
				6C8483FC2CA57D5300CE6B1E /* World Wide Wave */,
				6C8484162CA57D5500CE6B1E /* World Wide WaveTests */,
				6C8484202CA57D5500CE6B1E /* World Wide WaveUITests */,
				6C8483FB2CA57D5300CE6B1E /* Products */,
			);
			sourceTree = "<group>";
		};
		6C8483FB2CA57D5300CE6B1E /* Products */ = {
			isa = PBXGroup;
			children = (
				6C8483FA2CA57D5300CE6B1E /* World Wide Wave.app */,
				6C8484132CA57D5500CE6B1E /* World Wide WaveTests.xctest */,
				6C84841D2CA57D5500CE6B1E /* World Wide WaveUITests.xctest */,
			);
			name = Products;
			sourceTree = "<group>";
		};
		6C8483FC2CA57D5300CE6B1E /* World Wide Wave */ = {
			isa = PBXGroup;
			children = (
				6C0F9D912CB8FE27006BF12E /* World Wide Wave.entitlements */,
				6C8483FD2CA57D5300CE6B1E /* AppDelegate.swift */,
				6C8483FF2CA57D5300CE6B1E /* SceneDelegate.swift */,
				6C8484012CA57D5300CE6B1E /* LoginViewController.swift */,
				6CB288652E446A6F000D65B9 /* CustomTabBarController.swift */,
				6CB288832E448163000D65B9 /* CustomNavigationController.swift */,
				6C9786622E6D4F00005E55DC /* LoadingView.swift */,
				6CFF35492E2CDCBE00485B19 /* myLog */,
				6CFF353E2E2CDAE400485B19 /* WaveMap */,
				8D63A8542EB9C1690017BB62 /* Struct tools.swift */,
				6C8484032CA57D5300CE6B1E /* Main.storyboard */,
				6C8484092CA57D5400CE6B1E /* Assets.xcassets */,
				6C4633682CE0C2F4005EAD78 /* AppIconLogoAssets */,
				6C84840E2CA57D5400CE6B1E /* Info.plist */,
				6C8484062CA57D5300CE6B1E /* World_Wide_Wave.xcdatamodeld */,
				6CCCD4DB2CBFD50300572E3C /* sampleCodeFlie.swift */,
				6C84840B2CA57D5400CE6B1E /* LaunchScreen.storyboard */,
				6CB911A12EB22C9300E23DFA /* rejected files */,
			);
			path = "World Wide Wave";
			sourceTree = "<group>";
		};
		6C8484162CA57D5500CE6B1E /* World Wide WaveTests */ = {
			isa = PBXGroup;
			children = (
				6C8484172CA57D5500CE6B1E /* World_Wide_WaveTests.swift */,
			);
			path = "World Wide WaveTests";
			sourceTree = "<group>";
		};
		6C8484202CA57D5500CE6B1E /* World Wide WaveUITests */ = {
			isa = PBXGroup;
			children = (
				6C8484212CA57D5500CE6B1E /* World_Wide_WaveUITests.swift */,
				6C8484232CA57D5500CE6B1E /* World_Wide_WaveUITestsLaunchTests.swift */,
			);
			path = "World Wide WaveUITests";
			sourceTree = "<group>";
		};
/* End PBXGroup section */

/* Begin PBXNativeTarget section */
		6C8483F92CA57D5300CE6B1E /* World Wide Wave */ = {
			isa = PBXNativeTarget;
			buildConfigurationList = 6C8484272CA57D5500CE6B1E /* Build configuration list for PBXNativeTarget "World Wide Wave" */;
			buildPhases = (
				6C8483F62CA57D5300CE6B1E /* Sources */,
				6C8483F72CA57D5300CE6B1E /* Frameworks */,
				6C8483F82CA57D5300CE6B1E /* Resources */,
			);
			buildRules = (
			);
			dependencies = (
			);
			fileSystemSynchronizedGroups = (
				6CB911A12EB22C9300E23DFA /* rejected files */,
				6CFF353E2E2CDAE400485B19 /* WaveMap */,
				6CFF35492E2CDCBE00485B19 /* myLog */,
			);
			name = "World Wide Wave";
			productName = "World Wide Wave";
			productReference = 6C8483FA2CA57D5300CE6B1E /* World Wide Wave.app */;
			productType = "com.apple.product-type.application";
		};
		6C8484122CA57D5500CE6B1E /* World Wide WaveTests */ = {
			isa = PBXNativeTarget;
			buildConfigurationList = 6C84842A2CA57D5500CE6B1E /* Build configuration list for PBXNativeTarget "World Wide WaveTests" */;
			buildPhases = (
				6C84840F2CA57D5500CE6B1E /* Sources */,
				6C8484102CA57D5500CE6B1E /* Frameworks */,
				6C8484112CA57D5500CE6B1E /* Resources */,
			);
			buildRules = (
			);
			dependencies = (
				6C8484152CA57D5500CE6B1E /* PBXTargetDependency */,
			);
			name = "World Wide WaveTests";
			productName = "World Wide WaveTests";
			productReference = 6C8484132CA57D5500CE6B1E /* World Wide WaveTests.xctest */;
			productType = "com.apple.product-type.bundle.unit-test";
		};
		6C84841C2CA57D5500CE6B1E /* World Wide WaveUITests */ = {
			isa = PBXNativeTarget;
			buildConfigurationList = 6C84842D2CA57D5500CE6B1E /* Build configuration list for PBXNativeTarget "World Wide WaveUITests" */;
			buildPhases = (
				6C8484192CA57D5500CE6B1E /* Sources */,
				6C84841A2CA57D5500CE6B1E /* Frameworks */,
				6C84841B2CA57D5500CE6B1E /* Resources */,
			);
			buildRules = (
			);
			dependencies = (
				6C84841F2CA57D5500CE6B1E /* PBXTargetDependency */,
			);
			name = "World Wide WaveUITests";
			productName = "World Wide WaveUITests";
			productReference = 6C84841D2CA57D5500CE6B1E /* World Wide WaveUITests.xctest */;
			productType = "com.apple.product-type.bundle.ui-testing";
		};
/* End PBXNativeTarget section */

/* Begin PBXProject section */
		6C8483F22CA57D5300CE6B1E /* Project object */ = {
			isa = PBXProject;
			attributes = {
				BuildIndependentTargetsInParallel = 1;
				LastSwiftUpdateCheck = 1540;
				LastUpgradeCheck = 2600;
				TargetAttributes = {
					6C8483F92CA57D5300CE6B1E = {
						CreatedOnToolsVersion = 15.4;
					};
					6C8484122CA57D5500CE6B1E = {
						CreatedOnToolsVersion = 15.4;
						TestTargetID = 6C8483F92CA57D5300CE6B1E;
					};
					6C84841C2CA57D5500CE6B1E = {
						CreatedOnToolsVersion = 15.4;
						TestTargetID = 6C8483F92CA57D5300CE6B1E;
					};
				};
			};
			buildConfigurationList = 6C8483F52CA57D5300CE6B1E /* Build configuration list for PBXProject "World Wide Wave" */;
			compatibilityVersion = "Xcode 14.0";
			developmentRegion = en;
			hasScannedForEncodings = 0;
			knownRegions = (
				en,
				Base,
			);
			mainGroup = 6C8483F12CA57D5300CE6B1E;
			productRefGroup = 6C8483FB2CA57D5300CE6B1E /* Products */;
			projectDirPath = "";
			projectRoot = "";
			targets = (
				6C8483F92CA57D5300CE6B1E /* World Wide Wave */,
				6C8484122CA57D5500CE6B1E /* World Wide WaveTests */,
				6C84841C2CA57D5500CE6B1E /* World Wide WaveUITests */,
			);
		};
/* End PBXProject section */

/* Begin PBXResourcesBuildPhase section */
		6C8483F82CA57D5300CE6B1E /* Resources */ = {
			isa = PBXResourcesBuildPhase;
			buildActionMask = 2147483647;
			files = (
				6C4633742CE1CA45005EAD78 /* Monochrome76.png in Resources */,
				6C4633762CE1CA67005EAD78 /* Monochrome80.png in Resources */,
				6C46336C2CE0C575005EAD78 /* 152.png in Resources */,
				6C4633652CE0C217005EAD78 /* Monochrome167.png in Resources */,
				6C46336E2CE0C588005EAD78 /* 167.png in Resources */,
				6C84840A2CA57D5400CE6B1E /* Assets.xcassets in Resources */,
				6C46337A2CE1CBB0005EAD78 /* 76.png in Resources */,
				6C4633612CE0C16B005EAD78 /* Monochrome120.png in Resources */,
				6C4633672CE0C258005EAD78 /* Monochrome1024.png in Resources */,
				6C84840D2CA57D5400CE6B1E /* Base in Resources */,
				6C4633722CE1CA0B005EAD78 /* Monochrome60.png in Resources */,
				6C4633782CE1CBA5005EAD78 /* 60.png in Resources */,
				6C46337C2CE1CBBF005EAD78 /* 80.png in Resources */,
				6C46336A2CE0C566005EAD78 /* 120.png in Resources */,
				6C8484052CA57D5300CE6B1E /* Base in Resources */,
				6C4633702CE0C593005EAD78 /* 1024.png in Resources */,
				6C4633632CE0C1CE005EAD78 /* Monochrome152.png in Resources */,
			);
			runOnlyForDeploymentPostprocessing = 0;
		};
		6C8484112CA57D5500CE6B1E /* Resources */ = {
			isa = PBXResourcesBuildPhase;
			buildActionMask = 2147483647;
			files = (
			);
			runOnlyForDeploymentPostprocessing = 0;
		};
		6C84841B2CA57D5500CE6B1E /* Resources */ = {
			isa = PBXResourcesBuildPhase;
			buildActionMask = 2147483647;
			files = (
			);
			runOnlyForDeploymentPostprocessing = 0;
		};
/* End PBXResourcesBuildPhase section */

/* Begin PBXSourcesBuildPhase section */
		6C8483F62CA57D5300CE6B1E /* Sources */ = {
			isa = PBXSourcesBuildPhase;
			buildActionMask = 2147483647;
			files = (
				6C8484022CA57D5300CE6B1E /* LoginViewController.swift in Sources */,
				6CB288662E446A6F000D65B9 /* CustomTabBarController.swift in Sources */,
				6C9786632E6D4F00005E55DC /* LoadingView.swift in Sources */,
				8D63A8552EB9C1690017BB62 /* Struct tools.swift in Sources */,
				6CCCD4DC2CBFD50300572E3C /* sampleCodeFlie.swift in Sources */,
				6C8483FE2CA57D5300CE6B1E /* AppDelegate.swift in Sources */,
				6C8484082CA57D5300CE6B1E /* World_Wide_Wave.xcdatamodeld in Sources */,
				6CB288842E448164000D65B9 /* CustomNavigationController.swift in Sources */,
				6C8484002CA57D5300CE6B1E /* SceneDelegate.swift in Sources */,
			);
			runOnlyForDeploymentPostprocessing = 0;
		};
		6C84840F2CA57D5500CE6B1E /* Sources */ = {
			isa = PBXSourcesBuildPhase;
			buildActionMask = 2147483647;
			files = (
				6C8484182CA57D5500CE6B1E /* World_Wide_WaveTests.swift in Sources */,
			);
			runOnlyForDeploymentPostprocessing = 0;
		};
		6C8484192CA57D5500CE6B1E /* Sources */ = {
			isa = PBXSourcesBuildPhase;
			buildActionMask = 2147483647;
			files = (
				6C8484222CA57D5500CE6B1E /* World_Wide_WaveUITests.swift in Sources */,
				6C8484242CA57D5500CE6B1E /* World_Wide_WaveUITestsLaunchTests.swift in Sources */,
			);
			runOnlyForDeploymentPostprocessing = 0;
		};
/* End PBXSourcesBuildPhase section */

/* Begin PBXTargetDependency section */
		6C8484152CA57D5500CE6B1E /* PBXTargetDependency */ = {
			isa = PBXTargetDependency;
			target = 6C8483F92CA57D5300CE6B1E /* World Wide Wave */;
			targetProxy = 6C8484142CA57D5500CE6B1E /* PBXContainerItemProxy */;
		};
		6C84841F2CA57D5500CE6B1E /* PBXTargetDependency */ = {
			isa = PBXTargetDependency;
			target = 6C8483F92CA57D5300CE6B1E /* World Wide Wave */;
			targetProxy = 6C84841E2CA57D5500CE6B1E /* PBXContainerItemProxy */;
		};
/* End PBXTargetDependency section */

/* Begin PBXVariantGroup section */
		6C8484032CA57D5300CE6B1E /* Main.storyboard */ = {
			isa = PBXVariantGroup;
			children = (
				6C8484042CA57D5300CE6B1E /* Base */,
			);
			name = Main.storyboard;
			sourceTree = "<group>";
		};
		6C84840B2CA57D5400CE6B1E /* LaunchScreen.storyboard */ = {
			isa = PBXVariantGroup;
			children = (
				6C84840C2CA57D5400CE6B1E /* Base */,
			);
			name = LaunchScreen.storyboard;
			sourceTree = "<group>";
		};
/* End PBXVariantGroup section */

/* Begin XCBuildConfiguration section */
		6C8484252CA57D5500CE6B1E /* Debug */ = {
			isa = XCBuildConfiguration;
			buildSettings = {
				ALWAYS_SEARCH_USER_PATHS = NO;
				ASSETCATALOG_COMPILER_GENERATE_SWIFT_ASSET_SYMBOL_EXTENSIONS = YES;
				CLANG_ANALYZER_NONNULL = YES;
				CLANG_ANALYZER_NUMBER_OBJECT_CONVERSION = YES_AGGRESSIVE;
				CLANG_CXX_LANGUAGE_STANDARD = "gnu++20";
				CLANG_ENABLE_MODULES = YES;
				CLANG_ENABLE_OBJC_ARC = YES;
				CLANG_ENABLE_OBJC_WEAK = YES;
				CLANG_WARN_BLOCK_CAPTURE_AUTORELEASING = YES;
				CLANG_WARN_BOOL_CONVERSION = YES;
				CLANG_WARN_COMMA = YES;
				CLANG_WARN_CONSTANT_CONVERSION = YES;
				CLANG_WARN_DEPRECATED_OBJC_IMPLEMENTATIONS = YES;
				CLANG_WARN_DIRECT_OBJC_ISA_USAGE = YES_ERROR;
				CLANG_WARN_DOCUMENTATION_COMMENTS = YES;
				CLANG_WARN_EMPTY_BODY = YES;
				CLANG_WARN_ENUM_CONVERSION = YES;
				CLANG_WARN_INFINITE_RECURSION = YES;
				CLANG_WARN_INT_CONVERSION = YES;
				CLANG_WARN_NON_LITERAL_NULL_CONVERSION = YES;
				CLANG_WARN_OBJC_IMPLICIT_RETAIN_SELF = YES;
				CLANG_WARN_OBJC_LITERAL_CONVERSION = YES;
				CLANG_WARN_OBJC_ROOT_CLASS = YES_ERROR;
				CLANG_WARN_QUOTED_INCLUDE_IN_FRAMEWORK_HEADER = YES;
				CLANG_WARN_RANGE_LOOP_ANALYSIS = YES;
				CLANG_WARN_STRICT_PROTOTYPES = YES;
				CLANG_WARN_SUSPICIOUS_MOVE = YES;
				CLANG_WARN_UNGUARDED_AVAILABILITY = YES_AGGRESSIVE;
				CLANG_WARN_UNREACHABLE_CODE = YES;
				CLANG_WARN__DUPLICATE_METHOD_MATCH = YES;
				COPY_PHASE_STRIP = NO;
				DEBUG_INFORMATION_FORMAT = dwarf;
				DEVELOPMENT_TEAM = JRKRYNA77K;
				ENABLE_STRICT_OBJC_MSGSEND = YES;
				ENABLE_TESTABILITY = YES;
				ENABLE_USER_SCRIPT_SANDBOXING = YES;
				GCC_C_LANGUAGE_STANDARD = gnu17;
				GCC_DYNAMIC_NO_PIC = NO;
				GCC_NO_COMMON_BLOCKS = YES;
				GCC_OPTIMIZATION_LEVEL = 0;
				GCC_PREPROCESSOR_DEFINITIONS = (
					"DEBUG=1",
					"$(inherited)",
				);
				GCC_WARN_64_TO_32_BIT_CONVERSION = YES;
				GCC_WARN_ABOUT_RETURN_TYPE = YES_ERROR;
				GCC_WARN_UNDECLARED_SELECTOR = YES;
				GCC_WARN_UNINITIALIZED_AUTOS = YES_AGGRESSIVE;
				GCC_WARN_UNUSED_FUNCTION = YES;
				GCC_WARN_UNUSED_VARIABLE = YES;
				IPHONEOS_DEPLOYMENT_TARGET = 17.5;
				LOCALIZATION_PREFERS_STRING_CATALOGS = YES;
				MTL_ENABLE_DEBUG_INFO = INCLUDE_SOURCE;
				MTL_FAST_MATH = YES;
				ONLY_ACTIVE_ARCH = YES;
				SDKROOT = iphoneos;
				STRING_CATALOG_GENERATE_SYMBOLS = YES;
				SWIFT_ACTIVE_COMPILATION_CONDITIONS = "DEBUG $(inherited)";
				SWIFT_OPTIMIZATION_LEVEL = "-Onone";
			};
			name = Debug;
		};
		6C8484262CA57D5500CE6B1E /* Release */ = {
			isa = XCBuildConfiguration;
			buildSettings = {
				ALWAYS_SEARCH_USER_PATHS = NO;
				ASSETCATALOG_COMPILER_GENERATE_SWIFT_ASSET_SYMBOL_EXTENSIONS = YES;
				CLANG_ANALYZER_NONNULL = YES;
				CLANG_ANALYZER_NUMBER_OBJECT_CONVERSION = YES_AGGRESSIVE;
				CLANG_CXX_LANGUAGE_STANDARD = "gnu++20";
				CLANG_ENABLE_MODULES = YES;
				CLANG_ENABLE_OBJC_ARC = YES;
				CLANG_ENABLE_OBJC_WEAK = YES;
				CLANG_WARN_BLOCK_CAPTURE_AUTORELEASING = YES;
				CLANG_WARN_BOOL_CONVERSION = YES;
				CLANG_WARN_COMMA = YES;
				CLANG_WARN_CONSTANT_CONVERSION = YES;
				CLANG_WARN_DEPRECATED_OBJC_IMPLEMENTATIONS = YES;
				CLANG_WARN_DIRECT_OBJC_ISA_USAGE = YES_ERROR;
				CLANG_WARN_DOCUMENTATION_COMMENTS = YES;
				CLANG_WARN_EMPTY_BODY = YES;
				CLANG_WARN_ENUM_CONVERSION = YES;
				CLANG_WARN_INFINITE_RECURSION = YES;
				CLANG_WARN_INT_CONVERSION = YES;
				CLANG_WARN_NON_LITERAL_NULL_CONVERSION = YES;
				CLANG_WARN_OBJC_IMPLICIT_RETAIN_SELF = YES;
				CLANG_WARN_OBJC_LITERAL_CONVERSION = YES;
				CLANG_WARN_OBJC_ROOT_CLASS = YES_ERROR;
				CLANG_WARN_QUOTED_INCLUDE_IN_FRAMEWORK_HEADER = YES;
				CLANG_WARN_RANGE_LOOP_ANALYSIS = YES;
				CLANG_WARN_STRICT_PROTOTYPES = YES;
				CLANG_WARN_SUSPICIOUS_MOVE = YES;
				CLANG_WARN_UNGUARDED_AVAILABILITY = YES_AGGRESSIVE;
				CLANG_WARN_UNREACHABLE_CODE = YES;
				CLANG_WARN__DUPLICATE_METHOD_MATCH = YES;
				COPY_PHASE_STRIP = NO;
				DEBUG_INFORMATION_FORMAT = "dwarf-with-dsym";
				DEVELOPMENT_TEAM = JRKRYNA77K;
				ENABLE_NS_ASSERTIONS = NO;
				ENABLE_STRICT_OBJC_MSGSEND = YES;
				ENABLE_USER_SCRIPT_SANDBOXING = YES;
				GCC_C_LANGUAGE_STANDARD = gnu17;
				GCC_NO_COMMON_BLOCKS = YES;
				GCC_WARN_64_TO_32_BIT_CONVERSION = YES;
				GCC_WARN_ABOUT_RETURN_TYPE = YES_ERROR;
				GCC_WARN_UNDECLARED_SELECTOR = YES;
				GCC_WARN_UNINITIALIZED_AUTOS = YES_AGGRESSIVE;
				GCC_WARN_UNUSED_FUNCTION = YES;
				GCC_WARN_UNUSED_VARIABLE = YES;
				IPHONEOS_DEPLOYMENT_TARGET = 17.5;
				LOCALIZATION_PREFERS_STRING_CATALOGS = YES;
				MTL_ENABLE_DEBUG_INFO = NO;
				MTL_FAST_MATH = YES;
				SDKROOT = iphoneos;
				STRING_CATALOG_GENERATE_SYMBOLS = YES;
				SWIFT_COMPILATION_MODE = wholemodule;
				VALIDATE_PRODUCT = YES;
			};
			name = Release;
		};
		6C8484282CA57D5500CE6B1E /* Debug */ = {
			isa = XCBuildConfiguration;
			buildSettings = {
				ASSETCATALOG_COMPILER_APPICON_NAME = AppIcon;
				ASSETCATALOG_COMPILER_GLOBAL_ACCENT_COLOR_NAME = AccentColor;
				CODE_SIGN_ENTITLEMENTS = "World Wide Wave/World Wide Wave.entitlements";
				CODE_SIGN_STYLE = Automatic;
				CURRENT_PROJECT_VERSION = 18;
				DEVELOPMENT_TEAM = JRKRYNA77K;
				GENERATE_INFOPLIST_FILE = YES;
				INFOPLIST_FILE = "World Wide Wave/Info.plist";
				INFOPLIST_KEY_UIApplicationSupportsIndirectInputEvents = YES;
				INFOPLIST_KEY_UILaunchStoryboardName = LaunchScreen;
				INFOPLIST_KEY_UIMainStoryboardFile = Main;
				INFOPLIST_KEY_UISupportedInterfaceOrientations_iPad = "UIInterfaceOrientationPortrait UIInterfaceOrientationPortraitUpsideDown UIInterfaceOrientationLandscapeLeft UIInterfaceOrientationLandscapeRight";
				INFOPLIST_KEY_UISupportedInterfaceOrientations_iPhone = "UIInterfaceOrientationPortrait UIInterfaceOrientationLandscapeLeft UIInterfaceOrientationLandscapeRight";
				LD_RUNPATH_SEARCH_PATHS = (
					"$(inherited)",
					"@executable_path/Frameworks",
				);
				MARKETING_VERSION = 1.1;
				PRODUCT_BUNDLE_IDENTIFIER = "ride.World-Wide-Wave";
				PRODUCT_NAME = "$(TARGET_NAME)";
				SWIFT_EMIT_LOC_STRINGS = YES;
				SWIFT_VERSION = 5.0;
				TARGETED_DEVICE_FAMILY = "1,2";
			};
			name = Debug;
		};
		6C8484292CA57D5500CE6B1E /* Release */ = {
			isa = XCBuildConfiguration;
			buildSettings = {
				ASSETCATALOG_COMPILER_APPICON_NAME = AppIcon;
				ASSETCATALOG_COMPILER_GLOBAL_ACCENT_COLOR_NAME = AccentColor;
				CODE_SIGN_ENTITLEMENTS = "World Wide Wave/World Wide Wave.entitlements";
				CODE_SIGN_STYLE = Automatic;
				CURRENT_PROJECT_VERSION = 18;
				DEVELOPMENT_TEAM = JRKRYNA77K;
				GENERATE_INFOPLIST_FILE = YES;
				INFOPLIST_FILE = "World Wide Wave/Info.plist";
				INFOPLIST_KEY_UIApplicationSupportsIndirectInputEvents = YES;
				INFOPLIST_KEY_UILaunchStoryboardName = LaunchScreen;
				INFOPLIST_KEY_UIMainStoryboardFile = Main;
				INFOPLIST_KEY_UISupportedInterfaceOrientations_iPad = "UIInterfaceOrientationPortrait UIInterfaceOrientationPortraitUpsideDown UIInterfaceOrientationLandscapeLeft UIInterfaceOrientationLandscapeRight";
				INFOPLIST_KEY_UISupportedInterfaceOrientations_iPhone = "UIInterfaceOrientationPortrait UIInterfaceOrientationLandscapeLeft UIInterfaceOrientationLandscapeRight";
				LD_RUNPATH_SEARCH_PATHS = (
					"$(inherited)",
					"@executable_path/Frameworks",
				);
				MARKETING_VERSION = 1.1;
				PRODUCT_BUNDLE_IDENTIFIER = "ride.World-Wide-Wave";
				PRODUCT_NAME = "$(TARGET_NAME)";
				SWIFT_EMIT_LOC_STRINGS = YES;
				SWIFT_VERSION = 5.0;
				TARGETED_DEVICE_FAMILY = "1,2";
			};
			name = Release;
		};
		6C84842B2CA57D5500CE6B1E /* Debug */ = {
			isa = XCBuildConfiguration;
			buildSettings = {
				BUNDLE_LOADER = "$(TEST_HOST)";
				CODE_SIGN_STYLE = Automatic;
				CURRENT_PROJECT_VERSION = 2;
				GENERATE_INFOPLIST_FILE = YES;
				IPHONEOS_DEPLOYMENT_TARGET = 17.5;
				MARKETING_VERSION = 1.0;
				PRODUCT_BUNDLE_IDENTIFIER = "ride.World-Wide-WaveTests";
				PRODUCT_NAME = "$(TARGET_NAME)";
				SWIFT_EMIT_LOC_STRINGS = NO;
				SWIFT_VERSION = 5.0;
				TARGETED_DEVICE_FAMILY = "1,2";
				TEST_HOST = "$(BUILT_PRODUCTS_DIR)/World Wide Wave.app/$(BUNDLE_EXECUTABLE_FOLDER_PATH)/World Wide Wave";
			};
			name = Debug;
		};
		6C84842C2CA57D5500CE6B1E /* Release */ = {
			isa = XCBuildConfiguration;
			buildSettings = {
				BUNDLE_LOADER = "$(TEST_HOST)";
				CODE_SIGN_STYLE = Automatic;
				CURRENT_PROJECT_VERSION = 2;
				GENERATE_INFOPLIST_FILE = YES;
				IPHONEOS_DEPLOYMENT_TARGET = 17.5;
				MARKETING_VERSION = 1.0;
				PRODUCT_BUNDLE_IDENTIFIER = "ride.World-Wide-WaveTests";
				PRODUCT_NAME = "$(TARGET_NAME)";
				SWIFT_EMIT_LOC_STRINGS = NO;
				SWIFT_VERSION = 5.0;
				TARGETED_DEVICE_FAMILY = "1,2";
				TEST_HOST = "$(BUILT_PRODUCTS_DIR)/World Wide Wave.app/$(BUNDLE_EXECUTABLE_FOLDER_PATH)/World Wide Wave";
			};
			name = Release;
		};
		6C84842E2CA57D5500CE6B1E /* Debug */ = {
			isa = XCBuildConfiguration;
			buildSettings = {
				CODE_SIGN_STYLE = Automatic;
				CURRENT_PROJECT_VERSION = 2;
				GENERATE_INFOPLIST_FILE = YES;
				MARKETING_VERSION = 1.0;
				PRODUCT_BUNDLE_IDENTIFIER = "ride.World-Wide-WaveUITests";
				PRODUCT_NAME = "$(TARGET_NAME)";
				SWIFT_EMIT_LOC_STRINGS = NO;
				SWIFT_VERSION = 5.0;
				TARGETED_DEVICE_FAMILY = "1,2";
				TEST_TARGET_NAME = "World Wide Wave";
			};
			name = Debug;
		};
		6C84842F2CA57D5500CE6B1E /* Release */ = {
			isa = XCBuildConfiguration;
			buildSettings = {
				CODE_SIGN_STYLE = Automatic;
				CURRENT_PROJECT_VERSION = 2;
				GENERATE_INFOPLIST_FILE = YES;
				MARKETING_VERSION = 1.0;
				PRODUCT_BUNDLE_IDENTIFIER = "ride.World-Wide-WaveUITests";
				PRODUCT_NAME = "$(TARGET_NAME)";
				SWIFT_EMIT_LOC_STRINGS = NO;
				SWIFT_VERSION = 5.0;
				TARGETED_DEVICE_FAMILY = "1,2";
				TEST_TARGET_NAME = "World Wide Wave";
			};
			name = Release;
		};
/* End XCBuildConfiguration section */

/* Begin XCConfigurationList section */
		6C8483F52CA57D5300CE6B1E /* Build configuration list for PBXProject "World Wide Wave" */ = {
			isa = XCConfigurationList;
			buildConfigurations = (
				6C8484252CA57D5500CE6B1E /* Debug */,
				6C8484262CA57D5500CE6B1E /* Release */,
			);
			defaultConfigurationIsVisible = 0;
			defaultConfigurationName = Release;
		};
		6C8484272CA57D5500CE6B1E /* Build configuration list for PBXNativeTarget "World Wide Wave" */ = {
			isa = XCConfigurationList;
			buildConfigurations = (
				6C8484282CA57D5500CE6B1E /* Debug */,
				6C8484292CA57D5500CE6B1E /* Release */,
			);
			defaultConfigurationIsVisible = 0;
			defaultConfigurationName = Release;
		};
		6C84842A2CA57D5500CE6B1E /* Build configuration list for PBXNativeTarget "World Wide WaveTests" */ = {
			isa = XCConfigurationList;
			buildConfigurations = (
				6C84842B2CA57D5500CE6B1E /* Debug */,
				6C84842C2CA57D5500CE6B1E /* Release */,
			);
			defaultConfigurationIsVisible = 0;
			defaultConfigurationName = Release;
		};
		6C84842D2CA57D5500CE6B1E /* Build configuration list for PBXNativeTarget "World Wide WaveUITests" */ = {
			isa = XCConfigurationList;
			buildConfigurations = (
				6C84842E2CA57D5500CE6B1E /* Debug */,
				6C84842F2CA57D5500CE6B1E /* Release */,
			);
			defaultConfigurationIsVisible = 0;
			defaultConfigurationName = Release;
		};
/* End XCConfigurationList section */

/* Begin XCVersionGroup section */
		6C8484062CA57D5300CE6B1E /* World_Wide_Wave.xcdatamodeld */ = {
			isa = XCVersionGroup;
			children = (
				6C8484072CA57D5300CE6B1E /* World_Wide_Wave.xcdatamodel */,
			);
			currentVersion = 6C8484072CA57D5300CE6B1E /* World_Wide_Wave.xcdatamodel */;
			path = World_Wide_Wave.xcdatamodeld;
			sourceTree = "<group>";
			versionGroupType = wrapper.xcdatamodel;
		};
/* End XCVersionGroup section */
	};
	rootObject = 6C8483F22CA57D5300CE6B1E /* Project object */;
}
